
Microsoft Visual Studio Solution File, Format Version 12.00
# Visual Studio 15
VisualStudioVersion = 15.0.28307.168
MinimumVisualStudioVersion = 10.0.40219.1
Project("{FAE04EC0-301F-11D3-BF4B-00C04F79EFBC}") = "CSD3354-3-ASSIGNMENT-3-DATASTURUCTURES", "CSD3354-3-ASSIGNMENT-3-DATASTURUCTURES\CSD3354-3-ASSIGNMENT-3-DATASTURUCTURES.csproj", "{8A837910-1F89-432E-8B9A-25F60D036740}"
EndProject
Global
	GlobalSection(SolutionConfigurationPlatforms) = preSolution
		Debug|Any CPU = Debug|Any CPU
		Release|Any CPU = Release|Any CPU
	EndGlobalSection
	GlobalSection(ProjectConfigurationPlatforms) = postSolution
		{8A837910-1F89-432E-8B9A-25F60D036740}.Debug|Any CPU.ActiveCfg = Debug|Any CPU
		{8A837910-1F89-432E-8B9A-25F60D036740}.Debug|Any CPU.Build.0 = Debug|Any CPU
		{8A837910-1F89-432E-8B9A-25F60D036740}.Release|Any CPU.ActiveCfg = Release|Any CPU
		{8A837910-1F89-432E-8B9A-25F60D036740}.Release|Any CPU.Build.0 = Release|Any CPU
	EndGlobalSection
	GlobalSection(SolutionProperties) = preSolution
		HideSolutionNode = FALSE
	EndGlobalSection
	GlobalSection(ExtensibilityGlobals) = postSolution
		SolutionGuid = {BE6B60D9-F559-478F-A25E-F45F44BB8210}
	EndGlobalSection
EndGlobal
